
Microsoft Visual Studio Solution File, Format Version 12.00
# Visual Studio Version 17
VisualStudioVersion = 17.13.35931.197
MinimumVisualStudioVersion = 10.0.40219.1
Project("{FAE04EC0-301F-11D3-BF4B-00C04F79EFBC}") = "SentryHouseBackend", "AuthAPI\SentryHouseBackend.csproj", "{24CD2588-342D-4756-AD6E-C167009DB29C}"
EndProject
Global
	GlobalSection(SolutionConfigurationPlatforms) = preSolution
		Debug|Any CPU = Debug|Any CPU
		Release|Any CPU = Release|Any CPU
	EndGlobalSection
	GlobalSection(ProjectConfigurationPlatforms) = postSolution
		{24CD2588-342D-4756-AD6E-C167009DB29C}.Debug|Any CPU.ActiveCfg = Debug|Any CPU
		{24CD2588-342D-4756-AD6E-C167009DB29C}.Debug|Any CPU.Build.0 = Debug|Any CPU
		{24CD2588-342D-4756-AD6E-C167009DB29C}.Release|Any CPU.ActiveCfg = Release|Any CPU
		{24CD2588-342D-4756-AD6E-C167009DB29C}.Release|Any CPU.Build.0 = Release|Any CPU
	EndGlobalSection
	GlobalSection(SolutionProperties) = preSolution
		HideSolutionNode = FALSE
	EndGlobalSection
	GlobalSection(ExtensibilityGlobals) = postSolution
		SolutionGuid = {B44F666E-D15D-46B8-96B3-3BCDF959CB8D}
	EndGlobalSection
EndGlobal
